<?xml version="1.0" encoding="UTF-8"?>
<Scheme
   version = "1.3">
   <BuildAction>
      <BuildActionEntries>
         <BuildActionEntry
            buildForRunning = "YES">
            <BuildableReference
               BuildableIdentifier = "primary"
               BlueprintIdentifier = "49B653A2CC2077C1D5EFB4A4"
               BuildableName = "Graaf Tel"
               BlueprintName = "Graaf Tel"
               ReferencedContainer = "container:Graaf Tel.xcodeproj">
            </BuildableReference>
         </BuildActionEntry>
      </BuildActionEntries>
   </BuildAction>
   <LaunchAction
      useCustomWorkingDirectory = "NO"
      buildConfiguration = "Debug"
      allowLocationSimulation = "YES">
      <BuildableProductRunnable>
         <BuildableReference
            BuildableIdentifier = "primary"
            BlueprintIdentifier = "49B653A2CC2077C1D5EFB4A4"
            BuildableName = "Graaf Tel"
            BlueprintName = "Graaf Tel"
            ReferencedContainer = "container:Graaf Tel.xcodeproj">
         </BuildableReference>
      </BuildableProductRunnable>
   </LaunchAction>
</Scheme>
